
Microsoft Visual Studio Solution File, Format Version 12.00
# Visual Studio Version 16
VisualStudioVersion = 16.0.29509.3
MinimumVisualStudioVersion = 10.0.40219.1
Project("{FAE04EC0-301F-11D3-BF4B-00C04F79EFBC}") = "WpfApp8", "WpfApp8\WpfApp8.csproj", "{68A1D078-AEDA-4D36-BA6C-258A19567452}"
EndProject
Global
	GlobalSection(SolutionConfigurationPlatforms) = preSolution
		Debug|Any CPU = Debug|Any CPU
		Release|Any CPU = Release|Any CPU
	EndGlobalSection
	GlobalSection(ProjectConfigurationPlatforms) = postSolution
		{68A1D078-AEDA-4D36-BA6C-258A19567452}.Debug|Any CPU.ActiveCfg = Debug|Any CPU
		{68A1D078-AEDA-4D36-BA6C-258A19567452}.Debug|Any CPU.Build.0 = Debug|Any CPU
		{68A1D078-AEDA-4D36-BA6C-258A19567452}.Release|Any CPU.ActiveCfg = Release|Any CPU
		{68A1D078-AEDA-4D36-BA6C-258A19567452}.Release|Any CPU.Build.0 = Release|Any CPU
	EndGlobalSection
	GlobalSection(SolutionProperties) = preSolution
		HideSolutionNode = FALSE
	EndGlobalSection
	GlobalSection(ExtensibilityGlobals) = postSolution
		SolutionGuid = {41783B15-ED24-4B42-A5A1-BEA29EB99FE3}
	EndGlobalSection
EndGlobal
